
Microsoft Visual Studio Solution File, Format Version 12.00
# Visual Studio Version 17
VisualStudioVersion = 17.7.34221.43
MinimumVisualStudioVersion = 10.0.40219.1
Project("{FAE04EC0-301F-11D3-BF4B-00C04F79EFBC}") = "CourseWork", "CourseWork\CourseWork.csproj", "{F4907FF1-C949-4776-8654-704F03A4655C}"
EndProject
Global
	GlobalSection(SolutionConfigurationPlatforms) = preSolution
		Debug|Any CPU = Debug|Any CPU
		Release|Any CPU = Release|Any CPU
	EndGlobalSection
	GlobalSection(ProjectConfigurationPlatforms) = postSolution
		{F4907FF1-C949-4776-8654-704F03A4655C}.Debug|Any CPU.ActiveCfg = Debug|Any CPU
		{F4907FF1-C949-4776-8654-704F03A4655C}.Debug|Any CPU.Build.0 = Debug|Any CPU
		{F4907FF1-C949-4776-8654-704F03A4655C}.Release|Any CPU.ActiveCfg = Release|Any CPU
		{F4907FF1-C949-4776-8654-704F03A4655C}.Release|Any CPU.Build.0 = Release|Any CPU
	EndGlobalSection
	GlobalSection(SolutionProperties) = preSolution
		HideSolutionNode = FALSE
	EndGlobalSection
	GlobalSection(ExtensibilityGlobals) = postSolution
		SolutionGuid = {A083C944-6CE6-482B-A2BE-633E0A203FE4}
	EndGlobalSection
EndGlobal
